
Microsoft Visual Studio Solution File, Format Version 12.00
# Visual Studio Version 18
VisualStudioVersion = 18.2.11430.68 d18.0
MinimumVisualStudioVersion = 10.0.40219.1
Project("{FAE04EC0-301F-11D3-BF4B-00C04F79EFBC}") = "AlienBloxChat", "AlienBloxChat.csproj", "{89CA3267-3ED6-34E5-2494-B0161C0AAB02}"
EndProject
Global
	GlobalSection(SolutionConfigurationPlatforms) = preSolution
		Debug|Any CPU = Debug|Any CPU
		Release|Any CPU = Release|Any CPU
	EndGlobalSection
	GlobalSection(ProjectConfigurationPlatforms) = postSolution
		{89CA3267-3ED6-34E5-2494-B0161C0AAB02}.Debug|Any CPU.ActiveCfg = Debug|Any CPU
		{89CA3267-3ED6-34E5-2494-B0161C0AAB02}.Debug|Any CPU.Build.0 = Debug|Any CPU
		{89CA3267-3ED6-34E5-2494-B0161C0AAB02}.Release|Any CPU.ActiveCfg = Release|Any CPU
		{89CA3267-3ED6-34E5-2494-B0161C0AAB02}.Release|Any CPU.Build.0 = Release|Any CPU
	EndGlobalSection
	GlobalSection(SolutionProperties) = preSolution
		HideSolutionNode = FALSE
	EndGlobalSection
	GlobalSection(ExtensibilityGlobals) = postSolution
		SolutionGuid = {7DB69FB1-773B-42E6-A4B6-D146485361BB}
	EndGlobalSection
EndGlobal
